
Microsoft Visual Studio Solution File, Format Version 12.00
# Visual Studio Version 16
VisualStudioVersion = 16.0.29613.14
MinimumVisualStudioVersion = 10.0.40219.1
Project("{FAE04EC0-301F-11D3-BF4B-00C04F79EFBC}") = "ESproject", "ESproject\ESproject.csproj", "{1703C34A-1D90-40DE-AE24-7DFE21A29BF7}"
EndProject
Project("{FAE04EC0-301F-11D3-BF4B-00C04F79EFBC}") = "Server", "Server\Server.csproj", "{965E0ED7-A94A-4C68-ABE4-3182470C154E}"
EndProject
Project("{9A19103F-16F7-4668-BE54-9A1E7A4F7556}") = "ClientePruebas", "Cliente\ClientePruebas.csproj", "{473317A2-8DBD-4CC5-8675-5D0326A134FA}"
EndProject
Global
	GlobalSection(SolutionConfigurationPlatforms) = preSolution
		Debug|Any CPU = Debug|Any CPU
		Release|Any CPU = Release|Any CPU
	EndGlobalSection
	GlobalSection(ProjectConfigurationPlatforms) = postSolution
		{1703C34A-1D90-40DE-AE24-7DFE21A29BF7}.Debug|Any CPU.ActiveCfg = Debug|Any CPU
		{1703C34A-1D90-40DE-AE24-7DFE21A29BF7}.Debug|Any CPU.Build.0 = Debug|Any CPU
		{1703C34A-1D90-40DE-AE24-7DFE21A29BF7}.Release|Any CPU.ActiveCfg = Release|Any CPU
		{1703C34A-1D90-40DE-AE24-7DFE21A29BF7}.Release|Any CPU.Build.0 = Release|Any CPU
		{965E0ED7-A94A-4C68-ABE4-3182470C154E}.Debug|Any CPU.ActiveCfg = Debug|Any CPU
		{965E0ED7-A94A-4C68-ABE4-3182470C154E}.Debug|Any CPU.Build.0 = Debug|Any CPU
		{965E0ED7-A94A-4C68-ABE4-3182470C154E}.Release|Any CPU.ActiveCfg = Release|Any CPU
		{965E0ED7-A94A-4C68-ABE4-3182470C154E}.Release|Any CPU.Build.0 = Release|Any CPU
		{473317A2-8DBD-4CC5-8675-5D0326A134FA}.Debug|Any CPU.ActiveCfg = Debug|Any CPU
		{473317A2-8DBD-4CC5-8675-5D0326A134FA}.Debug|Any CPU.Build.0 = Debug|Any CPU
		{473317A2-8DBD-4CC5-8675-5D0326A134FA}.Release|Any CPU.ActiveCfg = Release|Any CPU
		{473317A2-8DBD-4CC5-8675-5D0326A134FA}.Release|Any CPU.Build.0 = Release|Any CPU
	EndGlobalSection
	GlobalSection(SolutionProperties) = preSolution
		HideSolutionNode = FALSE
	EndGlobalSection
	GlobalSection(ExtensibilityGlobals) = postSolution
		SolutionGuid = {746CFC1D-8F43-4249-8FB2-2D625F349EEC}
	EndGlobalSection
EndGlobal
